
Microsoft Visual Studio Solution File, Format Version 12.00
# Visual Studio Version 17
VisualStudioVersion = 17.6.33513.286
MinimumVisualStudioVersion = 10.0.40219.1
Project("{9A19103F-16F7-4668-BE54-9A1E7A4F7556}") = "RadioDoge", "RadioDogeSharp\RadioDoge.csproj", "{A7447CDF-9C4E-4ACC-8D29-482FBE4DEB0C}"
EndProject
Global
	GlobalSection(SolutionConfigurationPlatforms) = preSolution
		Debug|Any CPU = Debug|Any CPU
		Release|Any CPU = Release|Any CPU
	EndGlobalSection
	GlobalSection(ProjectConfigurationPlatforms) = postSolution
		{A7447CDF-9C4E-4ACC-8D29-482FBE4DEB0C}.Debug|Any CPU.ActiveCfg = Debug|Any CPU
		{A7447CDF-9C4E-4ACC-8D29-482FBE4DEB0C}.Debug|Any CPU.Build.0 = Debug|Any CPU
		{A7447CDF-9C4E-4ACC-8D29-482FBE4DEB0C}.Release|Any CPU.ActiveCfg = Release|Any CPU
		{A7447CDF-9C4E-4ACC-8D29-482FBE4DEB0C}.Release|Any CPU.Build.0 = Release|Any CPU
	EndGlobalSection
	GlobalSection(SolutionProperties) = preSolution
		HideSolutionNode = FALSE
	EndGlobalSection
	GlobalSection(ExtensibilityGlobals) = postSolution
		SolutionGuid = {1757FCE2-52BA-44BE-BCC2-BC5CD2F434D8}
	EndGlobalSection
EndGlobal
